
Microsoft Visual Studio Solution File, Format Version 12.00
# Visual Studio Version 17
VisualStudioVersion = 17.10.35013.160
MinimumVisualStudioVersion = 10.0.40219.1
Project("{FAE04EC0-301F-11D3-BF4B-00C04F79EFBC}") = "MauiApp1", "MauiApp1.csproj", "{1F1F7F23-D6CE-4F72-99C8-86EA5AC2CE2B}"
EndProject
Global
	GlobalSection(SolutionConfigurationPlatforms) = preSolution
		Debug|Any CPU = Debug|Any CPU
		Release|Any CPU = Release|Any CPU
	EndGlobalSection
	GlobalSection(ProjectConfigurationPlatforms) = postSolution
		{1F1F7F23-D6CE-4F72-99C8-86EA5AC2CE2B}.Debug|Any CPU.ActiveCfg = Debug|Any CPU
		{1F1F7F23-D6CE-4F72-99C8-86EA5AC2CE2B}.Debug|Any CPU.Build.0 = Debug|Any CPU
		{1F1F7F23-D6CE-4F72-99C8-86EA5AC2CE2B}.Debug|Any CPU.Deploy.0 = Debug|Any CPU
		{1F1F7F23-D6CE-4F72-99C8-86EA5AC2CE2B}.Release|Any CPU.ActiveCfg = Release|Any CPU
		{1F1F7F23-D6CE-4F72-99C8-86EA5AC2CE2B}.Release|Any CPU.Build.0 = Release|Any CPU
		{1F1F7F23-D6CE-4F72-99C8-86EA5AC2CE2B}.Release|Any CPU.Deploy.0 = Release|Any CPU
	EndGlobalSection
	GlobalSection(SolutionProperties) = preSolution
		HideSolutionNode = FALSE
	EndGlobalSection
	GlobalSection(ExtensibilityGlobals) = postSolution
		SolutionGuid = {9FC2A1E8-059E-40BD-B43D-C7336CC81FEC}
	EndGlobalSection
EndGlobal
